
Microsoft Visual Studio Solution File, Format Version 12.00
# Visual Studio Version 17
VisualStudioVersion = 17.0.31903.59
MinimumVisualStudioVersion = 10.0.40219.1
Project("{FAE04EC0-301F-11D3-BF4B-00C04F79EFBC}") = "RightSize", "RightSize\RightSize.csproj", "{89170442-CE2C-4085-8102-636A4ACABE5F}"
EndProject
Project("{FAE04EC0-301F-11D3-BF4B-00C04F79EFBC}") = "ChangeString", "ChangeString\ChangeString.csproj", "{AEC3ABAC-DD56-4499-A8FA-52C621ABACB4}"
EndProject
Project("{FAE04EC0-301F-11D3-BF4B-00C04F79EFBC}") = "ArrayMul", "ArrayMul\ArrayMul.csproj", "{E693B4F1-40A8-4F41-8404-4DB5C52791FA}"
EndProject
Project("{FAE04EC0-301F-11D3-BF4B-00C04F79EFBC}") = "HeroPerk", "HeroPerk\HeroPerk.csproj", "{74FBB4EA-A431-4D51-A8C3-7D7DD8954EC0}"
EndProject
Project("{FAE04EC0-301F-11D3-BF4B-00C04F79EFBC}") = "Pow2Until", "Pow2Until\Pow2Until.csproj", "{C3E18F46-C0F0-4FA9-B5D2-2B78C0EABD2A}"
EndProject
Project("{FAE04EC0-301F-11D3-BF4B-00C04F79EFBC}") = "FamousQuotes", "FamousQuotes\FamousQuotes.csproj", "{D5657433-16DA-4F05-BDFC-129CE640FC89}"
EndProject
Project("{FAE04EC0-301F-11D3-BF4B-00C04F79EFBC}") = "RoPaSci", "RoPaSci\RoPaSci.csproj", "{8399AEEE-449C-4BCC-AA61-585404B6E765}"
EndProject
Project("{FAE04EC0-301F-11D3-BF4B-00C04F79EFBC}") = "TrapAnalyzer", "TrapAnalyzer\TrapAnalyzer.csproj", "{D45870A5-61D5-447B-B7EB-62D96458866E}"
EndProject
Global
	GlobalSection(SolutionConfigurationPlatforms) = preSolution
		Debug|Any CPU = Debug|Any CPU
		Release|Any CPU = Release|Any CPU
	EndGlobalSection
	GlobalSection(SolutionProperties) = preSolution
		HideSolutionNode = FALSE
	EndGlobalSection
	GlobalSection(ProjectConfigurationPlatforms) = postSolution
		{89170442-CE2C-4085-8102-636A4ACABE5F}.Debug|Any CPU.ActiveCfg = Debug|Any CPU
		{89170442-CE2C-4085-8102-636A4ACABE5F}.Debug|Any CPU.Build.0 = Debug|Any CPU
		{89170442-CE2C-4085-8102-636A4ACABE5F}.Release|Any CPU.ActiveCfg = Release|Any CPU
		{89170442-CE2C-4085-8102-636A4ACABE5F}.Release|Any CPU.Build.0 = Release|Any CPU
		{AEC3ABAC-DD56-4499-A8FA-52C621ABACB4}.Debug|Any CPU.ActiveCfg = Debug|Any CPU
		{AEC3ABAC-DD56-4499-A8FA-52C621ABACB4}.Debug|Any CPU.Build.0 = Debug|Any CPU
		{AEC3ABAC-DD56-4499-A8FA-52C621ABACB4}.Release|Any CPU.ActiveCfg = Release|Any CPU
		{AEC3ABAC-DD56-4499-A8FA-52C621ABACB4}.Release|Any CPU.Build.0 = Release|Any CPU
		{E693B4F1-40A8-4F41-8404-4DB5C52791FA}.Debug|Any CPU.ActiveCfg = Debug|Any CPU
		{E693B4F1-40A8-4F41-8404-4DB5C52791FA}.Debug|Any CPU.Build.0 = Debug|Any CPU
		{E693B4F1-40A8-4F41-8404-4DB5C52791FA}.Release|Any CPU.ActiveCfg = Release|Any CPU
		{E693B4F1-40A8-4F41-8404-4DB5C52791FA}.Release|Any CPU.Build.0 = Release|Any CPU
		{74FBB4EA-A431-4D51-A8C3-7D7DD8954EC0}.Debug|Any CPU.ActiveCfg = Debug|Any CPU
		{74FBB4EA-A431-4D51-A8C3-7D7DD8954EC0}.Debug|Any CPU.Build.0 = Debug|Any CPU
		{74FBB4EA-A431-4D51-A8C3-7D7DD8954EC0}.Release|Any CPU.ActiveCfg = Release|Any CPU
		{74FBB4EA-A431-4D51-A8C3-7D7DD8954EC0}.Release|Any CPU.Build.0 = Release|Any CPU
		{C3E18F46-C0F0-4FA9-B5D2-2B78C0EABD2A}.Debug|Any CPU.ActiveCfg = Debug|Any CPU
		{C3E18F46-C0F0-4FA9-B5D2-2B78C0EABD2A}.Debug|Any CPU.Build.0 = Debug|Any CPU
		{C3E18F46-C0F0-4FA9-B5D2-2B78C0EABD2A}.Release|Any CPU.ActiveCfg = Release|Any CPU
		{C3E18F46-C0F0-4FA9-B5D2-2B78C0EABD2A}.Release|Any CPU.Build.0 = Release|Any CPU
		{D5657433-16DA-4F05-BDFC-129CE640FC89}.Debug|Any CPU.ActiveCfg = Debug|Any CPU
		{D5657433-16DA-4F05-BDFC-129CE640FC89}.Debug|Any CPU.Build.0 = Debug|Any CPU
		{D5657433-16DA-4F05-BDFC-129CE640FC89}.Release|Any CPU.ActiveCfg = Release|Any CPU
		{D5657433-16DA-4F05-BDFC-129CE640FC89}.Release|Any CPU.Build.0 = Release|Any CPU
		{8399AEEE-449C-4BCC-AA61-585404B6E765}.Debug|Any CPU.ActiveCfg = Debug|Any CPU
		{8399AEEE-449C-4BCC-AA61-585404B6E765}.Debug|Any CPU.Build.0 = Debug|Any CPU
		{8399AEEE-449C-4BCC-AA61-585404B6E765}.Release|Any CPU.ActiveCfg = Release|Any CPU
		{8399AEEE-449C-4BCC-AA61-585404B6E765}.Release|Any CPU.Build.0 = Release|Any CPU
		{D45870A5-61D5-447B-B7EB-62D96458866E}.Debug|Any CPU.ActiveCfg = Debug|Any CPU
		{D45870A5-61D5-447B-B7EB-62D96458866E}.Debug|Any CPU.Build.0 = Debug|Any CPU
		{D45870A5-61D5-447B-B7EB-62D96458866E}.Release|Any CPU.ActiveCfg = Release|Any CPU
		{D45870A5-61D5-447B-B7EB-62D96458866E}.Release|Any CPU.Build.0 = Release|Any CPU
	EndGlobalSection
EndGlobal
